
Microsoft Visual Studio Solution File, Format Version 12.00
# Visual Studio Version 17
VisualStudioVersion = 17.12.35707.178 d17.12
MinimumVisualStudioVersion = 10.0.40219.1
Project("{FAE04EC0-301F-11D3-BF4B-00C04F79EFBC}") = "projet_pizza", "projet_pizza\projet_pizza.csproj", "{845AC297-E7BE-44A8-A07D-0A35011BC855}"
EndProject
Global
	GlobalSection(SolutionConfigurationPlatforms) = preSolution
		Debug|Any CPU = Debug|Any CPU
		Release|Any CPU = Release|Any CPU
	EndGlobalSection
	GlobalSection(ProjectConfigurationPlatforms) = postSolution
		{845AC297-E7BE-44A8-A07D-0A35011BC855}.Debug|Any CPU.ActiveCfg = Debug|Any CPU
		{845AC297-E7BE-44A8-A07D-0A35011BC855}.Debug|Any CPU.Build.0 = Debug|Any CPU
		{845AC297-E7BE-44A8-A07D-0A35011BC855}.Release|Any CPU.ActiveCfg = Release|Any CPU
		{845AC297-E7BE-44A8-A07D-0A35011BC855}.Release|Any CPU.Build.0 = Release|Any CPU
	EndGlobalSection
	GlobalSection(SolutionProperties) = preSolution
		HideSolutionNode = FALSE
	EndGlobalSection
EndGlobal
